
Microsoft Visual Studio Solution File, Format Version 12.00
# Visual Studio Version 17
VisualStudioVersion = 17.3.32819.101
MinimumVisualStudioVersion = 10.0.40219.1
Project("{FAE04EC0-301F-11D3-BF4B-00C04F79EFBC}") = "Solid_LSP", "Solid_LSP\Solid_LSP.csproj", "{63A2DF13-2805-4EF8-839F-2919AD113FA1}"
EndProject
Global
	GlobalSection(SolutionConfigurationPlatforms) = preSolution
		Debug|Any CPU = Debug|Any CPU
		Release|Any CPU = Release|Any CPU
	EndGlobalSection
	GlobalSection(ProjectConfigurationPlatforms) = postSolution
		{63A2DF13-2805-4EF8-839F-2919AD113FA1}.Debug|Any CPU.ActiveCfg = Debug|Any CPU
		{63A2DF13-2805-4EF8-839F-2919AD113FA1}.Debug|Any CPU.Build.0 = Debug|Any CPU
		{63A2DF13-2805-4EF8-839F-2919AD113FA1}.Release|Any CPU.ActiveCfg = Release|Any CPU
		{63A2DF13-2805-4EF8-839F-2919AD113FA1}.Release|Any CPU.Build.0 = Release|Any CPU
	EndGlobalSection
	GlobalSection(SolutionProperties) = preSolution
		HideSolutionNode = FALSE
	EndGlobalSection
	GlobalSection(ExtensibilityGlobals) = postSolution
		SolutionGuid = {6C197686-4D35-449B-B512-4A6DFC470CFD}
	EndGlobalSection
EndGlobal
